PODS:
  - Bolts (1.9.0):
    - Bolts/AppLinks (= 1.9.0)
    - Bolts/Tasks (= 1.9.0)
  - Bolts/AppLinks (1.9.0):
    - Bolts/Tasks
  - Bolts/Tasks (1.9.0)
  - BSGridCollectionViewLayout (1.2.0)
  - BSImagePicker (2.7.1):
    - BSGridCollectionViewLayout (~> 1.2.0)
    - UIImageViewModeScaleAspect (= 1.5)
  - Charts (3.1.1):
    - Charts/Core (= 3.1.1)
  - Charts/Core (3.1.1)
  - CocoaLumberjack (3.4.2):
    - CocoaLumberjack/Default (= 3.4.2)
    - CocoaLumberjack/Extensions (= 3.4.2)
  - CocoaLumberjack/Default (3.4.2)
  - CocoaLumberjack/Extensions (3.4.2):
    - CocoaLumberjack/Default
  - Compass (6.0.0)
  - Cosmos (8.0.2)
  - DKImagePickerController (3.8.1):
    - DKImagePickerController/Camera (= 3.8.1)
    - DKImagePickerController/ImageManager (= 3.8.1)
  - DKImagePickerController/Camera (3.8.1)
  - DKImagePickerController/ImageManager (3.8.1)
  - FacebookCore (0.3.0):
    - Bolts (~> 1.8)
    - FBSDKCoreKit (~> 4.27)
  - FacebookLogin (0.3.0):
    - Bolts (~> 1.8)
    - FacebookCore (~> 0.3)
    - FBSDKCoreKit (~> 4.27)
    - FBSDKLoginKit (~> 4.27)
  - FacebookShare (0.3.0):
    - Bolts (~> 1.8)
    - FacebookCore (~> 0.3)
    - FBSDKCoreKit (~> 4.27)
    - FBSDKShareKit (~> 4.27)
  - FBSDKCoreKit (4.33.0):
    - Bolts (~> 1.7)
  - FBSDKLoginKit (4.33.0):
    - FBSDKCoreKit
  - FBSDKShareKit (4.33.0):
    - FBSDKCoreKit (~> 4.33.0)
  - Firebase/Core (5.1.0):
    - Firebase/CoreOnly
    - FirebaseAnalytics (= 5.0.1)
  - Firebase/CoreOnly (5.1.0):
    - FirebaseCore (= 5.0.2)
  - Firebase/Messaging (5.1.0):
    - Firebase/CoreOnly
    - FirebaseMessaging (= 3.0.1)
  - FirebaseAnalytics (5.0.1):
    - FirebaseCore (~> 5.0)
    - FirebaseInstanceID (~> 3.0)
    - "GoogleToolboxForMac/NSData+zlib (~> 2.1)"
    - nanopb (~> 0.3)
  - FirebaseCore (5.0.2):
    - "GoogleToolboxForMac/NSData+zlib (~> 2.1)"
  - FirebaseInstanceID (3.0.0):
    - FirebaseCore (~> 5.0)
  - FirebaseMessaging (3.0.1):
    - FirebaseCore (~> 5.0)
    - FirebaseInstanceID (~> 3.0)
    - GoogleToolboxForMac/Logger (~> 2.1)
    - Protobuf (~> 3.1)
  - GoogleMaps (2.7.0):
    - GoogleMaps/Maps (= 2.7.0)
  - GoogleMaps/Base (2.7.0)
  - GoogleMaps/Maps (2.7.0):
    - GoogleMaps/Base
  - GooglePlaces (2.7.0):
    - GoogleMaps/Base (= 2.7.0)
  - GoogleToolboxForMac/Defines (2.1.4)
  - GoogleToolboxForMac/Logger (2.1.4):
    - GoogleToolboxForMac/Defines (= 2.1.4)
  - "GoogleToolboxForMac/NSData+zlib (2.1.4)":
    - GoogleToolboxForMac/Defines (= 2.1.4)
  - ImageSlideshow (1.6.0):
    - ImageSlideshow/Core (= 1.6.0)
  - ImageSlideshow/Core (1.6.0)
  - ImageSlideshow/Kingfisher (1.6.0):
    - ImageSlideshow/Core
    - Kingfisher (> 3.0)
  - Kingfisher (4.8.0)
  - nanopb (0.3.8):
    - nanopb/decode (= 0.3.8)
    - nanopb/encode (= 0.3.8)
  - nanopb/decode (0.3.8)
  - nanopb/encode (0.3.8)
  - PKHUD (5.0.0)
  - Protobuf (3.5.0)
  - SVGKit (2.0.1):
    - CocoaLumberjack (~> 3.x)
  - UIImageViewModeScaleAspect (1.5)
  - youtube-ios-player-helper (0.1.6)

DEPENDENCIES:
  - BSImagePicker
  - Charts
  - Compass
  - Cosmos (~> 8.0)
  - DKImagePickerController
  - FacebookCore
  - FacebookLogin
  - FacebookShare
  - Firebase/Core
  - Firebase/Messaging
  - GoogleMaps
  - GooglePlaces
  - ImageSlideshow
  - ImageSlideshow/Kingfisher
  - PKHUD
  - SVGKit (from `https://github.com/SVGKit/SVGKit.git`, branch `2.x`)
  - youtube-ios-player-helper

SPEC REPOS:
  https://github.com/cocoapods/specs.git:
    - Bolts
    - BSGridCollectionViewLayout
    - BSImagePicker
    - Charts
    - CocoaLumberjack
    - Compass
    - Cosmos
    - DKImagePickerController
    - FacebookCore
    - FacebookLogin
    - FacebookShare
    - FBSDKCoreKit
    - FBSDKLoginKit
    - FBSDKShareKit
    - Firebase
    - FirebaseAnalytics
    - FirebaseCore
    - FirebaseInstanceID
    - FirebaseMessaging
    - GoogleMaps
    - GooglePlaces
    - GoogleToolboxForMac
    - ImageSlideshow
    - Kingfisher
    - nanopb
    - PKHUD
    - Protobuf
    - UIImageViewModeScaleAspect
    - youtube-ios-player-helper

EXTERNAL SOURCES:
  SVGKit:
    :branch: 2.x
    :git: https://github.com/SVGKit/SVGKit.git

CHECKOUT OPTIONS:
  SVGKit:
    :commit: d239c2b1b1476667e0470fc7d794649f70cff5a1
    :git: https://github.com/SVGKit/SVGKit.git

SPEC CHECKSUMS:
  Bolts: ac6567323eac61e203f6a9763667d0f711be34c8
  BSGridCollectionViewLayout: 8f12c8e1e08c47057f5a39a6828f4395f043d78f
  BSImagePicker: eb12948a6e71b9855c2c37723dfd989b9b4288bd
  Charts: 90a4d61da0f6e06684c591e3bcab11940fe61736
  CocoaLumberjack: db7cc9e464771f12054c22ff6947c5a58d43a0fd
  Compass: ff30e2056c549ea5cb5b8a307d28ef628e4209ff
  Cosmos: 007c0b8e33a85e5363911bdd933571bbe221f7ef
  DKImagePickerController: 51ad6ee2ba05414bb741db54a72cd7f4fb178e34
  FacebookCore: 3ffa190a3f1f96cec0e44d3fc221bc322c595ffa
  FacebookLogin: 0af839ea858faef99550d16596b87b4a8e8906e6
  FacebookShare: 0469964297ebd75f052be2c5083389a4208e82b7
  FBSDKCoreKit: 572b047a7e029bc44542bcf8a59414e7ff2b543e
  FBSDKLoginKit: 88cb456349cfb3b554427ce4f8b43729d85dfb40
  FBSDKShareKit: 1869cb24db2cea90666a50cb9d568deb38e2d16e
  Firebase: e08fb0795f35707aeb1d8a715c731c45bdf6fd56
  FirebaseAnalytics: b3628aea54c50464c32c393fb2ea032566e7ecc2
  FirebaseCore: b81044df1044c0857a0737c6324678b72d4f7f00
  FirebaseInstanceID: 83e0040351565df711a5db3d8ebe5ea21aca998a
  FirebaseMessaging: ec6fde5a77824c6da0218f9ca220feb251aa17d5
  GoogleMaps: f79af95cb24d869457b1f961c93d3ce8b2f3b848
  GooglePlaces: 3d06e6c99654545b4738ce49648745779c25f2ef
  GoogleToolboxForMac: 91c824d21e85b31c2aae9bb011c5027c9b4e738f
  ImageSlideshow: 9a1038da5669d2d337ae5ecda2ee8282ff14e9c5
  Kingfisher: 976d828df2b24834c6a3f2fc4d82cdbd26552be1
  nanopb: 5601e6bca2dbf1ed831b519092ec110f66982ca3
  PKHUD: 3c001512c6e002091184197a8de7a20420786e3b
  Protobuf: 8a9838fba8dae3389230e1b7f8c104aa32389c03
  SVGKit: 4055d9e809b5db8633755979cfb3b02dc5a8c20d
  UIImageViewModeScaleAspect: 11a790a0b9d248a13dc63e3a78991f1463b6d84e
  youtube-ios-player-helper: 21ab92db027c7ff86cb17a3843a3f6eafc8158d2

PODFILE CHECKSUM: 02c77251b5040782fa2a56e804669928c277d760

COCOAPODS: 1.5.2
